
Microsoft Visual Studio Solution File, Format Version 12.00
# Visual Studio Version 17
VisualStudioVersion = 17.9.34701.34
MinimumVisualStudioVersion = 10.0.40219.1
Project("{F184B08F-C81C-45F6-A57F-5ABD9991F28F}") = "WinFormsApp1", "WinFormsApp1\WinFormsApp1.vbproj", "{C4B3A71A-96C8-4D6D-A122-2AFDAD6EBA7F}"
EndProject
Global
	GlobalSection(SolutionConfigurationPlatforms) = preSolution
		Debug|Any CPU = Debug|Any CPU
		Release|Any CPU = Release|Any CPU
	EndGlobalSection
	GlobalSection(ProjectConfigurationPlatforms) = postSolution
		{C4B3A71A-96C8-4D6D-A122-2AFDAD6EBA7F}.Debug|Any CPU.ActiveCfg = Debug|Any CPU
		{C4B3A71A-96C8-4D6D-A122-2AFDAD6EBA7F}.Debug|Any CPU.Build.0 = Debug|Any CPU
		{C4B3A71A-96C8-4D6D-A122-2AFDAD6EBA7F}.Release|Any CPU.ActiveCfg = Release|Any CPU
		{C4B3A71A-96C8-4D6D-A122-2AFDAD6EBA7F}.Release|Any CPU.Build.0 = Release|Any CPU
	EndGlobalSection
	GlobalSection(SolutionProperties) = preSolution
		HideSolutionNode = FALSE
	EndGlobalSection
	GlobalSection(ExtensibilityGlobals) = postSolution
		SolutionGuid = {99CE0BA3-C707-4E89-BD0E-1A50C87F9300}
	EndGlobalSection
EndGlobal
